{
  "name": "algojo",
  "version": "1.0.0",
  "lockfileVersion": 3,
  "requires": true,
  "packages": {
    "": {
      "name": "algojo",
      "version": "1.0.0",
      "license": "MIT",
      "dependencies": {
        "algojo": "^1.0.0"
      },
      "devDependencies": {
        "typescript": "^4.6.3"
      }
    },
    "node_modules/algojo": {
      "version": "1.0.0",
      "resolved": "https://registry.npmjs.org/algojo/-/algojo-1.0.0.tgz",
      "integrity": "sha512-p2WZkys9HWFAcCH3lqjZXapVLeqkxYhJANQLuqvJIttrxE58CAoa1q3YeGG/w1Kwkzh9nZFiliPSw7bUqsXjnA=="
    },
    "node_modules/typescript": {
      "version": "4.9.5",
      "resolved": "https://registry.npmjs.org/typescript/-/typescript-4.9.5.tgz",
      "integrity": "sha512-1FXk9E2Hm+QzZQ7z+McJiHL4NW1F2EzMu9Nq9i3zAaGqibafqYwCVU6WyWAuyQRRzOlxou8xZSyXLEN8oKj24g==",
      "dev": true,
      "bin": {
        "tsc": "bin/tsc",
        "tsserver": "bin/tsserver"
      },
      "engines": {
        "node": ">=4.2.0"
      }
    }
  }
}
